{
  "version": 4,
  "terraform_version": "1.6.6",
  "serial": 1,
  "lineage": "df88e52e-83c8-fbbe-8bdf-e4f5c790e040",
  "outputs": {},
  "resources": [
    {
      "mode": "managed",
      "type": "docker_image",
      "name": "nginx",
      "provider": "provider[\"registry.terraform.io/kreuzwerker/docker\"]",
      "instances": [
        {
          "schema_version": 0,
          "attributes": {
            "build": [],
            "force_remove": null,
            "id": "sha256:8aea65d81da202cf886d7766c7f2691bb9e363c6b5d9b1f5d9ddaaa4bc1e90c2nginx:latest",
            "image_id": "sha256:8aea65d81da202cf886d7766c7f2691bb9e363c6b5d9b1f5d9ddaaa4bc1e90c2",
            "keep_locally": null,
            "name": "nginx:latest",
            "platform": null,
            "pull_triggers": null,
            "repo_digest": "nginx@sha256:2bdc49f2f8ae8d8dc50ed00f2ee56d00385c6f8bc8a8b320d0a294d9e3b49026",
            "triggers": null
          },
          "sensitive_attributes": [],
          "private": "bnVsbA=="
        }
      ]
    }
  ],
  "check_results": null
}
